
Microsoft Visual Studio Solution File, Format Version 12.00
# Visual Studio Version 17
VisualStudioVersion = 17.14.36401.2 d17.14
MinimumVisualStudioVersion = 10.0.40219.1
Project("{FAE04EC0-301F-11D3-BF4B-00C04F79EFBC}") = "test", "test\test.csproj", "{FEEFF353-B6A9-42A8-A8E5-2629233837D9}"
EndProject
Global
	GlobalSection(SolutionConfigurationPlatforms) = preSolution
		Debug|Any CPU = Debug|Any CPU
		Release|Any CPU = Release|Any CPU
	EndGlobalSection
	GlobalSection(ProjectConfigurationPlatforms) = postSolution
		{FEEFF353-B6A9-42A8-A8E5-2629233837D9}.Debug|Any CPU.ActiveCfg = Debug|Any CPU
		{FEEFF353-B6A9-42A8-A8E5-2629233837D9}.Debug|Any CPU.Build.0 = Debug|Any CPU
		{FEEFF353-B6A9-42A8-A8E5-2629233837D9}.Release|Any CPU.ActiveCfg = Release|Any CPU
		{FEEFF353-B6A9-42A8-A8E5-2629233837D9}.Release|Any CPU.Build.0 = Release|Any CPU
	EndGlobalSection
	GlobalSection(SolutionProperties) = preSolution
		HideSolutionNode = FALSE
	EndGlobalSection
	GlobalSection(ExtensibilityGlobals) = postSolution
		SolutionGuid = {B72E754B-759A-4172-8540-9B2D35437639}
	EndGlobalSection
EndGlobal
