
Microsoft Visual Studio Solution File, Format Version 12.00
# Visual Studio Version 17
VisualStudioVersion = 17.11.35222.181
MinimumVisualStudioVersion = 10.0.40219.1
Project("{8BC9CEB8-8B4A-11D0-8D11-00A0C91BC942}") = "testing3", "testing3\testing3.vcxproj", "{458BE0C1-714E-4A61-B35D-0E7ACA35229F}"
EndProject
Global
	GlobalSection(SolutionConfigurationPlatforms) = preSolution
		Debug|x64 = Debug|x64
		Debug|x86 = Debug|x86
		Release|x64 = Release|x64
		Release|x86 = Release|x86
	EndGlobalSection
	GlobalSection(ProjectConfigurationPlatforms) = postSolution
		{458BE0C1-714E-4A61-B35D-0E7ACA35229F}.Debug|x64.ActiveCfg = Debug|x64
		{458BE0C1-714E-4A61-B35D-0E7ACA35229F}.Debug|x64.Build.0 = Debug|x64
		{458BE0C1-714E-4A61-B35D-0E7ACA35229F}.Debug|x86.ActiveCfg = Debug|Win32
		{458BE0C1-714E-4A61-B35D-0E7ACA35229F}.Debug|x86.Build.0 = Debug|Win32
		{458BE0C1-714E-4A61-B35D-0E7ACA35229F}.Release|x64.ActiveCfg = Release|x64
		{458BE0C1-714E-4A61-B35D-0E7ACA35229F}.Release|x64.Build.0 = Release|x64
		{458BE0C1-714E-4A61-B35D-0E7ACA35229F}.Release|x86.ActiveCfg = Release|Win32
		{458BE0C1-714E-4A61-B35D-0E7ACA35229F}.Release|x86.Build.0 = Release|Win32
	EndGlobalSection
	GlobalSection(SolutionProperties) = preSolution
		HideSolutionNode = FALSE
	EndGlobalSection
	GlobalSection(ExtensibilityGlobals) = postSolution
		SolutionGuid = {914FAFF7-FD09-4792-BC07-EF8541FFEAAC}
	EndGlobalSection
EndGlobal
