
Microsoft Visual Studio Solution File, Format Version 12.00
# Visual Studio Version 17
VisualStudioVersion = 17.11.35222.181
MinimumVisualStudioVersion = 10.0.40219.1
Project("{8BC9CEB8-8B4A-11D0-8D11-00A0C91BC942}") = "BT2-1", "BT2-1\BT2-1.vcxproj", "{6B2EFA94-0960-4FEB-B94D-089F59F51A29}"
EndProject
Global
	GlobalSection(SolutionConfigurationPlatforms) = preSolution
		Debug|x64 = Debug|x64
		Debug|x86 = Debug|x86
		Release|x64 = Release|x64
		Release|x86 = Release|x86
	EndGlobalSection
	GlobalSection(ProjectConfigurationPlatforms) = postSolution
		{6B2EFA94-0960-4FEB-B94D-089F59F51A29}.Debug|x64.ActiveCfg = Debug|x64
		{6B2EFA94-0960-4FEB-B94D-089F59F51A29}.Debug|x64.Build.0 = Debug|x64
		{6B2EFA94-0960-4FEB-B94D-089F59F51A29}.Debug|x86.ActiveCfg = Debug|Win32
		{6B2EFA94-0960-4FEB-B94D-089F59F51A29}.Debug|x86.Build.0 = Debug|Win32
		{6B2EFA94-0960-4FEB-B94D-089F59F51A29}.Release|x64.ActiveCfg = Release|x64
		{6B2EFA94-0960-4FEB-B94D-089F59F51A29}.Release|x64.Build.0 = Release|x64
		{6B2EFA94-0960-4FEB-B94D-089F59F51A29}.Release|x86.ActiveCfg = Release|Win32
		{6B2EFA94-0960-4FEB-B94D-089F59F51A29}.Release|x86.Build.0 = Release|Win32
	EndGlobalSection
	GlobalSection(SolutionProperties) = preSolution
		HideSolutionNode = FALSE
	EndGlobalSection
	GlobalSection(ExtensibilityGlobals) = postSolution
		SolutionGuid = {8072B036-6975-4A87-B9BB-FD793782A277}
	EndGlobalSection
EndGlobal
