
Microsoft Visual Studio Solution File, Format Version 12.00
# Visual Studio Version 17
VisualStudioVersion = 17.11.35222.181
MinimumVisualStudioVersion = 10.0.40219.1
Project("{8BC9CEB8-8B4A-11D0-8D11-00A0C91BC942}") = "CTDL.LIST.INT", "CTDL.LIST.INT\CTDL.LIST.INT.vcxproj", "{D70923EA-C932-4345-B322-E224AF9FC668}"
EndProject
Global
	GlobalSection(SolutionConfigurationPlatforms) = preSolution
		Debug|x64 = Debug|x64
		Debug|x86 = Debug|x86
		Release|x64 = Release|x64
		Release|x86 = Release|x86
	EndGlobalSection
	GlobalSection(ProjectConfigurationPlatforms) = postSolution
		{D70923EA-C932-4345-B322-E224AF9FC668}.Debug|x64.ActiveCfg = Debug|x64
		{D70923EA-C932-4345-B322-E224AF9FC668}.Debug|x64.Build.0 = Debug|x64
		{D70923EA-C932-4345-B322-E224AF9FC668}.Debug|x86.ActiveCfg = Debug|Win32
		{D70923EA-C932-4345-B322-E224AF9FC668}.Debug|x86.Build.0 = Debug|Win32
		{D70923EA-C932-4345-B322-E224AF9FC668}.Release|x64.ActiveCfg = Release|x64
		{D70923EA-C932-4345-B322-E224AF9FC668}.Release|x64.Build.0 = Release|x64
		{D70923EA-C932-4345-B322-E224AF9FC668}.Release|x86.ActiveCfg = Release|Win32
		{D70923EA-C932-4345-B322-E224AF9FC668}.Release|x86.Build.0 = Release|Win32
	EndGlobalSection
	GlobalSection(SolutionProperties) = preSolution
		HideSolutionNode = FALSE
	EndGlobalSection
	GlobalSection(ExtensibilityGlobals) = postSolution
		SolutionGuid = {E865E191-475B-4C8D-B32F-449D76F55FC6}
	EndGlobalSection
EndGlobal
