
Microsoft Visual Studio Solution File, Format Version 12.00
# Visual Studio Version 17
VisualStudioVersion = 17.11.35222.181
MinimumVisualStudioVersion = 10.0.40219.1
Project("{8BC9CEB8-8B4A-11D0-8D11-00A0C91BC942}") = "ccp", "ccp\ccp.vcxproj", "{5A7BC144-0CA2-421D-BCC8-6C1340452C3F}"
EndProject
Global
	GlobalSection(SolutionConfigurationPlatforms) = preSolution
		Debug|x64 = Debug|x64
		Debug|x86 = Debug|x86
		Release|x64 = Release|x64
		Release|x86 = Release|x86
	EndGlobalSection
	GlobalSection(ProjectConfigurationPlatforms) = postSolution
		{5A7BC144-0CA2-421D-BCC8-6C1340452C3F}.Debug|x64.ActiveCfg = Debug|x64
		{5A7BC144-0CA2-421D-BCC8-6C1340452C3F}.Debug|x64.Build.0 = Debug|x64
		{5A7BC144-0CA2-421D-BCC8-6C1340452C3F}.Debug|x86.ActiveCfg = Debug|Win32
		{5A7BC144-0CA2-421D-BCC8-6C1340452C3F}.Debug|x86.Build.0 = Debug|Win32
		{5A7BC144-0CA2-421D-BCC8-6C1340452C3F}.Release|x64.ActiveCfg = Release|x64
		{5A7BC144-0CA2-421D-BCC8-6C1340452C3F}.Release|x64.Build.0 = Release|x64
		{5A7BC144-0CA2-421D-BCC8-6C1340452C3F}.Release|x86.ActiveCfg = Release|Win32
		{5A7BC144-0CA2-421D-BCC8-6C1340452C3F}.Release|x86.Build.0 = Release|Win32
	EndGlobalSection
	GlobalSection(SolutionProperties) = preSolution
		HideSolutionNode = FALSE
	EndGlobalSection
	GlobalSection(ExtensibilityGlobals) = postSolution
		SolutionGuid = {3D9E703A-8E88-465F-AF4B-C622336D61E2}
	EndGlobalSection
EndGlobal
